
Microsoft Visual Studio Solution File, Format Version 12.00
# Visual Studio Version 17
VisualStudioVersion = 17.10.35013.160
MinimumVisualStudioVersion = 10.0.40219.1
Project("{2150E333-8FDC-42A3-9474-1A3956D46DE8}") = "src", "src", "{27B80B0C-61B6-4E20-BFB6-64D685A9BDDA}"
EndProject
Project("{2150E333-8FDC-42A3-9474-1A3956D46DE8}") = "tests", "tests", "{4C2183E3-18FC-49BE-A4C0-2359BAF0D39A}"
EndProject
Project("{2150E333-8FDC-42A3-9474-1A3956D46DE8}") = "Adapters", "Adapters", "{5D053D78-885D-46FA-B3A8-F72D08491A8E}"
EndProject
Project("{2150E333-8FDC-42A3-9474-1A3956D46DE8}") = "Drivers", "Drivers", "{5A9F9C90-3BC8-4FE4-A26E-A55D9C391E78}"
EndProject
Project("{2150E333-8FDC-42A3-9474-1A3956D46DE8}") = "Driven", "Driven", "{C2E1E9B5-5723-4259-9E32-98D0541B3500}"
EndProject
Project("{9A19103F-16F7-4668-BE54-9A1E7A4F7556}") = "DeveloperStore.WebApi", "src\DeveloperStore.WebApi\DeveloperStore.WebApi.csproj", "{087DFC24-BC0A-4EA8-A8AF-8EC763DD41DF}"
EndProject
Project("{2150E333-8FDC-42A3-9474-1A3956D46DE8}") = "Core", "Core", "{5D14AE71-C9CC-4C7E-B258-5B3D1703A9C8}"
EndProject
Project("{2150E333-8FDC-42A3-9474-1A3956D46DE8}") = "CrossCutting", "CrossCutting", "{4BAF7E1E-BF29-4D95-8474-C6C8E4467D00}"
EndProject
Project("{2150E333-8FDC-42A3-9474-1A3956D46DE8}") = "Infraestructure", "Infraestructure", "{F1472A93-DB65-45A9-A642-BDA0ED16DEA8}"
EndProject
Project("{2150E333-8FDC-42A3-9474-1A3956D46DE8}") = "Domain", "Domain", "{269E4017-EA32-4C87-B0E1-109D9D68C205}"
EndProject
Project("{2150E333-8FDC-42A3-9474-1A3956D46DE8}") = "Application", "Application", "{1BE8CFD2-B3CC-4C13-8B68-D906BD738391}"
EndProject
Project("{9A19103F-16F7-4668-BE54-9A1E7A4F7556}") = "DeveloperStore.Application", "src\DeveloperStore.Application\DeveloperStore.Application.csproj", "{0BE1FB9B-F7DB-4045-8A86-3C89D91E193C}"
EndProject
Project("{9A19103F-16F7-4668-BE54-9A1E7A4F7556}") = "DeveloperStore.Domain", "src\DeveloperStore.Domain\DeveloperStore.Domain.csproj", "{A7442881-179E-4754-AAE5-58CDFBAA3D6C}"
EndProject
Project("{9A19103F-16F7-4668-BE54-9A1E7A4F7556}") = "DeveloperStore.IoC", "src\DeveloperStore.IoC\DeveloperStore.IoC.csproj", "{A7265FAF-88FD-4728-B2E8-9AD6CCCD121F}"
EndProject
Project("{9A19103F-16F7-4668-BE54-9A1E7A4F7556}") = "DeveloperStore.ORM", "src\DeveloperStore.ORM\DeveloperStore.ORM.csproj", "{8581E501-20EF-4C4C-899F-3B5103566B39}"
EndProject
Project("{FAE04EC0-301F-11D3-BF4B-00C04F79EFBC}") = "DeveloperStore.Tests", "tests\DeveloperStore.Tests\DeveloperStore.Tests.csproj", "{1D77D12D-3EF2-417D-B9F6-8E81B87D1DCD}"
EndProject
Global
	GlobalSection(SolutionConfigurationPlatforms) = preSolution
		Debug|Any CPU = Debug|Any CPU
		Release|Any CPU = Release|Any CPU
	EndGlobalSection
	GlobalSection(ProjectConfigurationPlatforms) = postSolution
		{087DFC24-BC0A-4EA8-A8AF-8EC763DD41DF}.Debug|Any CPU.ActiveCfg = Debug|Any CPU
		{087DFC24-BC0A-4EA8-A8AF-8EC763DD41DF}.Debug|Any CPU.Build.0 = Debug|Any CPU
		{087DFC24-BC0A-4EA8-A8AF-8EC763DD41DF}.Release|Any CPU.ActiveCfg = Release|Any CPU
		{087DFC24-BC0A-4EA8-A8AF-8EC763DD41DF}.Release|Any CPU.Build.0 = Release|Any CPU
		{0BE1FB9B-F7DB-4045-8A86-3C89D91E193C}.Debug|Any CPU.ActiveCfg = Debug|Any CPU
		{0BE1FB9B-F7DB-4045-8A86-3C89D91E193C}.Debug|Any CPU.Build.0 = Debug|Any CPU
		{0BE1FB9B-F7DB-4045-8A86-3C89D91E193C}.Release|Any CPU.ActiveCfg = Release|Any CPU
		{0BE1FB9B-F7DB-4045-8A86-3C89D91E193C}.Release|Any CPU.Build.0 = Release|Any CPU
		{A7442881-179E-4754-AAE5-58CDFBAA3D6C}.Debug|Any CPU.ActiveCfg = Debug|Any CPU
		{A7442881-179E-4754-AAE5-58CDFBAA3D6C}.Debug|Any CPU.Build.0 = Debug|Any CPU
		{A7442881-179E-4754-AAE5-58CDFBAA3D6C}.Release|Any CPU.ActiveCfg = Release|Any CPU
		{A7442881-179E-4754-AAE5-58CDFBAA3D6C}.Release|Any CPU.Build.0 = Release|Any CPU
		{A7265FAF-88FD-4728-B2E8-9AD6CCCD121F}.Debug|Any CPU.ActiveCfg = Debug|Any CPU
		{A7265FAF-88FD-4728-B2E8-9AD6CCCD121F}.Debug|Any CPU.Build.0 = Debug|Any CPU
		{A7265FAF-88FD-4728-B2E8-9AD6CCCD121F}.Release|Any CPU.ActiveCfg = Release|Any CPU
		{A7265FAF-88FD-4728-B2E8-9AD6CCCD121F}.Release|Any CPU.Build.0 = Release|Any CPU
		{8581E501-20EF-4C4C-899F-3B5103566B39}.Debug|Any CPU.ActiveCfg = Debug|Any CPU
		{8581E501-20EF-4C4C-899F-3B5103566B39}.Debug|Any CPU.Build.0 = Debug|Any CPU
		{8581E501-20EF-4C4C-899F-3B5103566B39}.Release|Any CPU.ActiveCfg = Release|Any CPU
		{8581E501-20EF-4C4C-899F-3B5103566B39}.Release|Any CPU.Build.0 = Release|Any CPU
		{1D77D12D-3EF2-417D-B9F6-8E81B87D1DCD}.Debug|Any CPU.ActiveCfg = Debug|Any CPU
		{1D77D12D-3EF2-417D-B9F6-8E81B87D1DCD}.Debug|Any CPU.Build.0 = Debug|Any CPU
		{1D77D12D-3EF2-417D-B9F6-8E81B87D1DCD}.Release|Any CPU.ActiveCfg = Release|Any CPU
		{1D77D12D-3EF2-417D-B9F6-8E81B87D1DCD}.Release|Any CPU.Build.0 = Release|Any CPU
	EndGlobalSection
	GlobalSection(SolutionProperties) = preSolution
		HideSolutionNode = FALSE
	EndGlobalSection
	GlobalSection(NestedProjects) = preSolution
		{5D053D78-885D-46FA-B3A8-F72D08491A8E} = {27B80B0C-61B6-4E20-BFB6-64D685A9BDDA}
		{5A9F9C90-3BC8-4FE4-A26E-A55D9C391E78} = {5D053D78-885D-46FA-B3A8-F72D08491A8E}
		{C2E1E9B5-5723-4259-9E32-98D0541B3500} = {5D053D78-885D-46FA-B3A8-F72D08491A8E}
		{087DFC24-BC0A-4EA8-A8AF-8EC763DD41DF} = {5A9F9C90-3BC8-4FE4-A26E-A55D9C391E78}
		{5D14AE71-C9CC-4C7E-B258-5B3D1703A9C8} = {27B80B0C-61B6-4E20-BFB6-64D685A9BDDA}
		{4BAF7E1E-BF29-4D95-8474-C6C8E4467D00} = {27B80B0C-61B6-4E20-BFB6-64D685A9BDDA}
		{F1472A93-DB65-45A9-A642-BDA0ED16DEA8} = {C2E1E9B5-5723-4259-9E32-98D0541B3500}
		{269E4017-EA32-4C87-B0E1-109D9D68C205} = {5D14AE71-C9CC-4C7E-B258-5B3D1703A9C8}
		{1BE8CFD2-B3CC-4C13-8B68-D906BD738391} = {5D14AE71-C9CC-4C7E-B258-5B3D1703A9C8}
		{0BE1FB9B-F7DB-4045-8A86-3C89D91E193C} = {1BE8CFD2-B3CC-4C13-8B68-D906BD738391}
		{A7442881-179E-4754-AAE5-58CDFBAA3D6C} = {269E4017-EA32-4C87-B0E1-109D9D68C205}
		{A7265FAF-88FD-4728-B2E8-9AD6CCCD121F} = {4BAF7E1E-BF29-4D95-8474-C6C8E4467D00}
		{8581E501-20EF-4C4C-899F-3B5103566B39} = {F1472A93-DB65-45A9-A642-BDA0ED16DEA8}
		{1D77D12D-3EF2-417D-B9F6-8E81B87D1DCD} = {4C2183E3-18FC-49BE-A4C0-2359BAF0D39A}
	EndGlobalSection
	GlobalSection(ExtensibilityGlobals) = postSolution
		SolutionGuid = {53DA3467-8AE2-4B55-A725-95C649F3442D}
	EndGlobalSection
EndGlobal
